
Microsoft Visual Studio Solution File, Format Version 12.00
# Visual Studio Version 17
VisualStudioVersion = 17.6.33815.320
MinimumVisualStudioVersion = 10.0.40219.1
Project("{FAE04EC0-301F-11D3-BF4B-00C04F79EFBC}") = "IB_TradingPlatformExtention1", "IB_TradingPlatformExtention1\IB_TradingPlatformExtention1.csproj", "{9E7B886B-C623-469D-ABCD-91DD50948228}"
EndProject
Global
	GlobalSection(SolutionConfigurationPlatforms) = preSolution
		Debug|Any CPU = Debug|Any CPU
		Release|Any CPU = Release|Any CPU
	EndGlobalSection
	GlobalSection(ProjectConfigurationPlatforms) = postSolution
		{9E7B886B-C623-469D-ABCD-91DD50948228}.Debug|Any CPU.ActiveCfg = Debug|Any CPU
		{9E7B886B-C623-469D-ABCD-91DD50948228}.Debug|Any CPU.Build.0 = Debug|Any CPU
		{9E7B886B-C623-469D-ABCD-91DD50948228}.Release|Any CPU.ActiveCfg = Release|Any CPU
		{9E7B886B-C623-469D-ABCD-91DD50948228}.Release|Any CPU.Build.0 = Release|Any CPU
	EndGlobalSection
	GlobalSection(SolutionProperties) = preSolution
		HideSolutionNode = FALSE
	EndGlobalSection
	GlobalSection(ExtensibilityGlobals) = postSolution
		SolutionGuid = {073437A1-0BF3-49CF-853E-0FE02B7DE68B}
	EndGlobalSection
EndGlobal
